
Microsoft Visual Studio Solution File, Format Version 12.00
# Visual Studio 15
VisualStudioVersion = 15.0.28010.2016
MinimumVisualStudioVersion = 10.0.40219.1
Project("{FAE04EC0-301F-11D3-BF4B-00C04F79EFBC}") = "TheObserverPattern", "TheObserverPattern_SWD\TheObserverPattern.csproj", "{CA03B4C0-612A-49D0-9AE0-4B6895CAB964}"
EndProject
Global
	GlobalSection(SolutionConfigurationPlatforms) = preSolution
		Debug|Any CPU = Debug|Any CPU
		Release|Any CPU = Release|Any CPU
	EndGlobalSection
	GlobalSection(ProjectConfigurationPlatforms) = postSolution
		{CA03B4C0-612A-49D0-9AE0-4B6895CAB964}.Debug|Any CPU.ActiveCfg = Debug|Any CPU
		{CA03B4C0-612A-49D0-9AE0-4B6895CAB964}.Debug|Any CPU.Build.0 = Debug|Any CPU
		{CA03B4C0-612A-49D0-9AE0-4B6895CAB964}.Release|Any CPU.ActiveCfg = Release|Any CPU
		{CA03B4C0-612A-49D0-9AE0-4B6895CAB964}.Release|Any CPU.Build.0 = Release|Any CPU
	EndGlobalSection
	GlobalSection(SolutionProperties) = preSolution
		HideSolutionNode = FALSE
	EndGlobalSection
	GlobalSection(ExtensibilityGlobals) = postSolution
		SolutionGuid = {47292BEB-60B8-487D-BC11-8447626026C5}
	EndGlobalSection
EndGlobal
